
Microsoft Visual Studio Solution File, Format Version 12.00
# Visual Studio 15
Project("{FAE04EC0-301F-11D3-BF4B-00C04F79EFBC}") = "Assembly-CSharp", "Assembly-CSharp.csproj", "{9E3EACFE-1672-5153-16A8-168A51D5C111}"
EndProject
Project("{FAE04EC0-301F-11D3-BF4B-00C04F79EFBC}") = "Meryel.CodeAssist.Editor", "Meryel.CodeAssist.Editor.csproj", "{FB0A2EA8-20B2-FF3C-308D-9E674E07979E}"
EndProject
Global
	GlobalSection(SolutionConfigurationPlatforms) = preSolution
		Debug|Any CPU = Debug|Any CPU
		Release|Any CPU = Release|Any CPU
	EndGlobalSection
	GlobalSection(ProjectConfigurationPlatforms) = postSolution
		{9E3EACFE-1672-5153-16A8-168A51D5C111}.Debug|Any CPU.ActiveCfg = Debug|Any CPU
		{9E3EACFE-1672-5153-16A8-168A51D5C111}.Debug|Any CPU.Build.0 = Debug|Any CPU
		{9E3EACFE-1672-5153-16A8-168A51D5C111}.Release|Any CPU.ActiveCfg = Release|Any CPU
		{9E3EACFE-1672-5153-16A8-168A51D5C111}.Release|Any CPU.Build.0 = Release|Any CPU
		{FB0A2EA8-20B2-FF3C-308D-9E674E07979E}.Debug|Any CPU.ActiveCfg = Debug|Any CPU
		{FB0A2EA8-20B2-FF3C-308D-9E674E07979E}.Debug|Any CPU.Build.0 = Debug|Any CPU
		{FB0A2EA8-20B2-FF3C-308D-9E674E07979E}.Release|Any CPU.ActiveCfg = Release|Any CPU
		{FB0A2EA8-20B2-FF3C-308D-9E674E07979E}.Release|Any CPU.Build.0 = Release|Any CPU
	EndGlobalSection
	GlobalSection(SolutionProperties) = preSolution
		HideSolutionNode = FALSE
	EndGlobalSection
EndGlobal
